// !$*UTF8*$!
{
	archiveVersion = 1;
	classes = {
	};
	objectVersion = 50;
	objects = {

/* Begin PBXBuildFile section */
		08FD4F23250C3C93002AD6F0 /* AppDelegate.swift in Sources */ = {isa = PBXBuildFile; fileRef = 08FD4F22250C3C93002AD6F0 /* AppDelegate.swift */; };
		08FD4F25250C3C93002AD6F0 /* SceneDelegate.swift in Sources */ = {isa = PBXBuildFile; fileRef = 08FD4F24250C3C93002AD6F0 /* SceneDelegate.swift */; };
		08FD4F27250C3C93002AD6F0 /* ViewController.swift in Sources */ = {isa = PBXBuildFile; fileRef = 08FD4F26250C3C93002AD6F0 /* ViewController.swift */; };
		08FD4F2A250C3C93002AD6F0 /* Main.storyboard in Resources */ = {isa = PBXBuildFile; fileRef = 08FD4F28250C3C93002AD6F0 /* Main.storyboard */; };
		08FD4F2C250C3C95002AD6F0 /* Assets.xcassets in Resources */ = {isa = PBXBuildFile; fileRef = 08FD4F2B250C3C95002AD6F0 /* Assets.xcassets */; };
		08FD4F2F250C3C95002AD6F0 /* LaunchScreen.storyboard in Resources */ = {isa = PBXBuildFile; fileRef = 08FD4F2D250C3C95002AD6F0 /* LaunchScreen.storyboard */; };
/* End PBXBuildFile section */

/* Begin PBXFileReference section */
		08FD4F1F250C3C93002AD6F0 /* SnapShotTest.app */ = {isa = PBXFileReference; explicitFileType = wrapper.application; includeInIndex = 0; path = SnapShotTest.app; sourceTree = BUILT_PRODUCTS_DIR; };
		08FD4F22250C3C93002AD6F0 /* AppDelegate.swift */ = {isa = PBXFileReference; lastKnownFileType = sourcecode.swift; path = AppDelegate.swift; sourceTree = "<group>"; };
		08FD4F24250C3C93002AD6F0 /* SceneDelegate.swift */ = {isa = PBXFileReference; lastKnownFileType = sourcecode.swift; path = SceneDelegate.swift; sourceTree = "<group>"; };
		08FD4F26250C3C93002AD6F0 /* ViewController.swift */ = {isa = PBXFileReference; lastKnownFileType = sourcecode.swift; path = ViewController.swift; sourceTree = "<group>"; };
		08FD4F29250C3C93002AD6F0 /* Base */ = {isa = PBXFileReference; lastKnownFileType = file.storyboard; name = Base; path = Base.lproj/Main.storyboard; sourceTree = "<group>"; };
		08FD4F2B250C3C95002AD6F0 /* Assets.xcassets */ = {isa = PBXFileReference; lastKnownFileType = folder.assetcatalog; path = Assets.xcassets; sourceTree = "<group>"; };
		08FD4F2E250C3C95002AD6F0 /* Base */ = {isa = PBXFileReference; lastKnownFileType = file.storyboard; name = Base; path = Base.lproj/LaunchScreen.storyboard; sourceTree = "<group>"; };
		08FD4F30250C3C95002AD6F0 /* Info.plist */ = {isa = PBXFileReference; lastKnownFileType = text.plist.xml; path = Info.plist; sourceTree = "<group>"; };
/* End PBXFileReference section */

/* Begin PBXFrameworksBuildPhase section */
		08FD4F1C250C3C93002AD6F0 /* Frameworks */ = {
			isa = PBXFrameworksBuildPhase;
			buildActionMask = 2147483647;
			files = (
			);
			runOnlyForDeploymentPostprocessing = 0;
		};
/* End PBXFrameworksBuildPhase section */

/* Begin PBXGroup section */
		08FD4F16250C3C93002AD6F0 = {
			isa = PBXGroup;
			children = (
				08FD4F21250C3C93002AD6F0 /* SnapShotTest */,
				08FD4F20250C3C93002AD6F0 /* Products */,
			);
			sourceTree = "<group>";
		};
		08FD4F20250C3C93002AD6F0 /* Products */ = {
			isa = PBXGroup;
			children = (
				08FD4F1F250C3C93002AD6F0 /* SnapShotTest.app */,
			);
			name = Products;
			sourceTree = "<group>";
		};
		08FD4F21250C3C93002AD6F0 /* SnapShotTest */ = {
			isa = PBXGroup;
			children = (
				08FD4F22250C3C93002AD6F0 /* AppDelegate.swift */,
				08FD4F24250C3C93002AD6F0 /* SceneDelegate.swift */,
				08FD4F26250C3C93002AD6F0 /* ViewController.swift */,
				08FD4F28250C3C93002AD6F0 /* Main.storyboard */,
				08FD4F2B250C3C95002AD6F0 /* Assets.xcassets */,
				08FD4F2D250C3C95002AD6F0 /* LaunchScreen.storyboard */,
				08FD4F30250C3C95002AD6F0 /* Info.plist */,
			);
			path = SnapShotTest;
			sourceTree = "<group>";
		};
/* End PBXGroup section */

/* Begin PBXNativeTarget section */
		08FD4F1E250C3C93002AD6F0 /* SnapShotTest */ = {
			isa = PBXNativeTarget;
			buildConfigurationList = 08FD4F33250C3C95002AD6F0 /* Build configuration list for PBXNativeTarget "SnapShotTest" */;
			buildPhases = (
				08FD4F1B250C3C93002AD6F0 /* Sources */,
				08FD4F1C250C3C93002AD6F0 /* Frameworks */,
				08FD4F1D250C3C93002AD6F0 /* Resources */,
			);
			buildRules = (
			);
			dependencies = (
			);
			name = SnapShotTest;
			productName = SnapShotTest;
			productReference = 08FD4F1F250C3C93002AD6F0 /* SnapShotTest.app */;
			productType = "com.apple.product-type.application";
		};
/* End PBXNativeTarget section */

/* Begin PBXProject section */
		08FD4F17250C3C93002AD6F0 /* Project object */ = {
			isa = PBXProject;
			attributes = {
				LastSwiftUpdateCheck = 1160;
				LastUpgradeCheck = 1160;
				ORGANIZATIONNAME = "Eva Madarasz";
				TargetAttributes = {
					08FD4F1E250C3C93002AD6F0 = {
						CreatedOnToolsVersion = 11.6;
					};
				};
			};
			buildConfigurationList = 08FD4F1A250C3C93002AD6F0 /* Build configuration list for PBXProject "SnapShotTest" */;
			compatibilityVersion = "Xcode 9.3";
			developmentRegion = en;
			hasScannedForEncodings = 0;
			knownRegions = (
				en,
				Base,
			);
			mainGroup = 08FD4F16250C3C93002AD6F0;
			productRefGroup = 08FD4F20250C3C93002AD6F0 /* Products */;
			projectDirPath = "";
			projectRoot = "";
			targets = (
				08FD4F1E250C3C93002AD6F0 /* SnapShotTest */,
			);
		};
/* End PBXProject section */

/* Begin PBXResourcesBuildPhase section */
		08FD4F1D250C3C93002AD6F0 /* Resources */ = {
			isa = PBXResourcesBuildPhase;
			buildActionMask = 2147483647;
			files = (
				08FD4F2F250C3C95002AD6F0 /* LaunchScreen.storyboard in Resources */,
				08FD4F2C250C3C95002AD6F0 /* Assets.xcassets in Resources */,
				08FD4F2A250C3C93002AD6F0 /* Main.storyboard in Resources */,
			);
			runOnlyForDeploymentPostprocessing = 0;
		};
/* End PBXResourcesBuildPhase section */

/* Begin PBXSourcesBuildPhase section */
		08FD4F1B250C3C93002AD6F0 /* Sources */ = {
			isa = PBXSourcesBuildPhase;
			buildActionMask = 2147483647;
			files = (
				08FD4F27250C3C93002AD6F0 /* ViewController.swift in Sources */,
				08FD4F23250C3C93002AD6F0 /* AppDelegate.swift in Sources */,
				08FD4F25250C3C93002AD6F0 /* SceneDelegate.swift in Sources */,
			);
			runOnlyForDeploymentPostprocessing = 0;
		};
/* End PBXSourcesBuildPhase section */

/* Begin PBXVariantGroup section */
		08FD4F28250C3C93002AD6F0 /* Main.storyboard */ = {
			isa = PBXVariantGroup;
			children = (
				08FD4F29250C3C93002AD6F0 /* Base */,
			);
			name = Main.storyboard;
			sourceTree = "<group>";
		};
		08FD4F2D250C3C95002AD6F0 /* LaunchScreen.storyboard */ = {
			isa = PBXVariantGroup;
			children = (
				08FD4F2E250C3C95002AD6F0 /* Base */,
			);
			name = LaunchScreen.storyboard;
			sourceTree = "<group>";
		};
/* End PBXVariantGroup section */

/* Begin XCBuildConfiguration section */
		08FD4F31250C3C95002AD6F0 /* Debug */ = {
			isa = XCBuildConfiguration;
			buildSettings = {
				ALWAYS_SEARCH_USER_PATHS = NO;
				CLANG_ANALYZER_NONNULL = YES;
				CLANG_ANALYZER_NUMBER_OBJECT_CONVERSION = YES_AGGRESSIVE;
				CLANG_CXX_LANGUAGE_STANDARD = "gnu++14";
				CLANG_CXX_LIBRARY = "libc++";
				CLANG_ENABLE_MODULES = YES;
				CLANG_ENABLE_OBJC_ARC = YES;
				CLANG_ENABLE_OBJC_WEAK = YES;
				CLANG_WARN_BLOCK_CAPTURE_AUTORELEASING = YES;
				CLANG_WARN_BOOL_CONVERSION = YES;
				CLANG_WARN_COMMA = YES;
				CLANG_WARN_CONSTANT_CONVERSION = YES;
				CLANG_WARN_DEPRECATED_OBJC_IMPLEMENTATIONS = YES;
				CLANG_WARN_DIRECT_OBJC_ISA_USAGE = YES_ERROR;
				CLANG_WARN_DOCUMENTATION_COMMENTS = YES;
				CLANG_WARN_EMPTY_BODY = YES;
				CLANG_WARN_ENUM_CONVERSION = YES;
				CLANG_WARN_INFINITE_RECURSION = YES;
				CLANG_WARN_INT_CONVERSION = YES;
				CLANG_WARN_NON_LITERAL_NULL_CONVERSION = YES;
				CLANG_WARN_OBJC_IMPLICIT_RETAIN_SELF = YES;
				CLANG_WARN_OBJC_LITERAL_CONVERSION = YES;
				CLANG_WARN_OBJC_ROOT_CLASS = YES_ERROR;
				CLANG_WARN_RANGE_LOOP_ANALYSIS = YES;
				CLANG_WARN_STRICT_PROTOTYPES = YES;
				CLANG_WARN_SUSPICIOUS_MOVE = YES;
				CLANG_WARN_UNGUARDED_AVAILABILITY = YES_AGGRESSIVE;
				CLANG_WARN_UNREACHABLE_CODE = YES;
				CLANG_WARN__DUPLICATE_METHOD_MATCH = YES;
				COPY_PHASE_STRIP = NO;
				DEBUG_INFORMATION_FORMAT = dwarf;
				ENABLE_STRICT_OBJC_MSGSEND = YES;
				ENABLE_TESTABILITY = YES;
				GCC_C_LANGUAGE_STANDARD = gnu11;
				GCC_DYNAMIC_NO_PIC = NO;
				GCC_NO_COMMON_BLOCKS = YES;
				GCC_OPTIMIZATION_LEVEL = 0;
				GCC_PREPROCESSOR_DEFINITIONS = (
					"DEBUG=1",
					"$(inherited)",
				);
				GCC_WARN_64_TO_32_BIT_CONVERSION = YES;
				GCC_WARN_ABOUT_RETURN_TYPE = YES_ERROR;
				GCC_WARN_UNDECLARED_SELECTOR = YES;
				GCC_WARN_UNINITIALIZED_AUTOS = YES_AGGRESSIVE;
				GCC_WARN_UNUSED_FUNCTION = YES;
				GCC_WARN_UNUSED_VARIABLE = YES;
				IPHONEOS_DEPLOYMENT_TARGET = 13.6;
				MTL_ENABLE_DEBUG_INFO = INCLUDE_SOURCE;
				MTL_FAST_MATH = YES;
				ONLY_ACTIVE_ARCH = YES;
				SDKROOT = iphoneos;
				SWIFT_ACTIVE_COMPILATION_CONDITIONS = DEBUG;
				SWIFT_OPTIMIZATION_LEVEL = "-Onone";
			};
			name = Debug;
		};
		08FD4F32250C3C95002AD6F0 /* Release */ = {
			isa = XCBuildConfiguration;
			buildSettings = {
				ALWAYS_SEARCH_USER_PATHS = NO;
				CLANG_ANALYZER_NONNULL = YES;
				CLANG_ANALYZER_NUMBER_OBJECT_CONVERSION = YES_AGGRESSIVE;
				CLANG_CXX_LANGUAGE_STANDARD = "gnu++14";
				CLANG_CXX_LIBRARY = "libc++";
				CLANG_ENABLE_MODULES = YES;
				CLANG_ENABLE_OBJC_ARC = YES;
				CLANG_ENABLE_OBJC_WEAK = YES;
				CLANG_WARN_BLOCK_CAPTURE_AUTORELEASING = YES;
				CLANG_WARN_BOOL_CONVERSION = YES;
				CLANG_WARN_COMMA = YES;
				CLANG_WARN_CONSTANT_CONVERSION = YES;
				CLANG_WARN_DEPRECATED_OBJC_IMPLEMENTATIONS = YES;
				CLANG_WARN_DIRECT_OBJC_ISA_USAGE = YES_ERROR;
				CLANG_WARN_DOCUMENTATION_COMMENTS = YES;
				CLANG_WARN_EMPTY_BODY = YES;
				CLANG_WARN_ENUM_CONVERSION = YES;
				CLANG_WARN_INFINITE_RECURSION = YES;
				CLANG_WARN_INT_CONVERSION = YES;
				CLANG_WARN_NON_LITERAL_NULL_CONVERSION = YES;
				CLANG_WARN_OBJC_IMPLICIT_RETAIN_SELF = YES;
				CLANG_WARN_OBJC_LITERAL_CONVERSION = YES;
				CLANG_WARN_OBJC_ROOT_CLASS = YES_ERROR;
				CLANG_WARN_RANGE_LOOP_ANALYSIS = YES;
				CLANG_WARN_STRICT_PROTOTYPES = YES;
				CLANG_WARN_SUSPICIOUS_MOVE = YES;
				CLANG_WARN_UNGUARDED_AVAILABILITY = YES_AGGRESSIVE;
				CLANG_WARN_UNREACHABLE_CODE = YES;
				CLANG_WARN__DUPLICATE_METHOD_MATCH = YES;
				COPY_PHASE_STRIP = NO;
				DEBUG_INFORMATION_FORMAT = "dwarf-with-dsym";
				ENABLE_NS_ASSERTIONS = NO;
				ENABLE_STRICT_OBJC_MSGSEND = YES;
				GCC_C_LANGUAGE_STANDARD = gnu11;
				GCC_NO_COMMON_BLOCKS = YES;
				GCC_WARN_64_TO_32_BIT_CONVERSION = YES;
				GCC_WARN_ABOUT_RETURN_TYPE = YES_ERROR;
				GCC_WARN_UNDECLARED_SELECTOR = YES;
				GCC_WARN_UNINITIALIZED_AUTOS = YES_AGGRESSIVE;
				GCC_WARN_UNUSED_FUNCTION = YES;
				GCC_WARN_UNUSED_VARIABLE = YES;
				IPHONEOS_DEPLOYMENT_TARGET = 13.6;
				MTL_ENABLE_DEBUG_INFO = NO;
				MTL_FAST_MATH = YES;
				SDKROOT = iphoneos;
				SWIFT_COMPILATION_MODE = wholemodule;
				SWIFT_OPTIMIZATION_LEVEL = "-O";
				VALIDATE_PRODUCT = YES;
			};
			name = Release;
		};
		08FD4F34250C3C95002AD6F0 /* Debug */ = {
			isa = XCBuildConfiguration;
			buildSettings = {
				ASSETCATALOG_COMPILER_APPICON_NAME = AppIcon;
				CODE_SIGN_STYLE = Automatic;
				DEVELOPMENT_TEAM = 58Q543QXGB;
				INFOPLIST_FILE = SnapShotTest/Info.plist;
				LD_RUNPATH_SEARCH_PATHS = (
					"$(inherited)",
					"@executable_path/Frameworks",
				);
				PRODUCT_BUNDLE_IDENTIFIER = "com.tora.buke-gmail.SnapShotTest";
				PRODUCT_NAME = "$(TARGET_NAME)";
				SWIFT_VERSION = 5.0;
				TARGETED_DEVICE_FAMILY = "1,2";
			};
			name = Debug;
		};
		08FD4F35250C3C95002AD6F0 /* Release */ = {
			isa = XCBuildConfiguration;
			buildSettings = {
				ASSETCATALOG_COMPILER_APPICON_NAME = AppIcon;
				CODE_SIGN_STYLE = Automatic;
				DEVELOPMENT_TEAM = 58Q543QXGB;
				INFOPLIST_FILE = SnapShotTest/Info.plist;
				LD_RUNPATH_SEARCH_PATHS = (
					"$(inherited)",
					"@executable_path/Frameworks",
				);
				PRODUCT_BUNDLE_IDENTIFIER = "com.tora.buke-gmail.SnapShotTest";
				PRODUCT_NAME = "$(TARGET_NAME)";
				SWIFT_VERSION = 5.0;
				TARGETED_DEVICE_FAMILY = "1,2";
			};
			name = Release;
		};
/* End XCBuildConfiguration section */

/* Begin XCConfigurationList section */
		08FD4F1A250C3C93002AD6F0 /* Build configuration list for PBXProject "SnapShotTest" */ = {
			isa = XCConfigurationList;
			buildConfigurations = (
				08FD4F31250C3C95002AD6F0 /* Debug */,
				08FD4F32250C3C95002AD6F0 /* Release */,
			);
			defaultConfigurationIsVisible = 0;
			defaultConfigurationName = Release;
		};
		08FD4F33250C3C95002AD6F0 /* Build configuration list for PBXNativeTarget "SnapShotTest" */ = {
			isa = XCConfigurationList;
			buildConfigurations = (
				08FD4F34250C3C95002AD6F0 /* Debug */,
				08FD4F35250C3C95002AD6F0 /* Release */,
			);
			defaultConfigurationIsVisible = 0;
			defaultConfigurationName = Release;
		};
/* End XCConfigurationList section */
	};
	rootObject = 08FD4F17250C3C93002AD6F0 /* Project object */;
}
